{
  "name": "c",
  "lockfileVersion": 2,
  "requires": true,
  "packages": {
    "": {
      "dependencies": {
        "axios": "^0.24.0",
        "jquery": "^3.6.0",
        "wikidata-sdk": "^7.14.2"
      }
    },
    "node_modules/axios": {
      "version": "0.24.0",
      "resolved": "https://registry.npmjs.org/axios/-/axios-0.24.0.tgz",
      "integrity": "sha512-Q6cWsys88HoPgAaFAVUb0WpPk0O8iTeisR9IMqy9G8AbO4NlpVknrnQS03zzF9PGAWgO3cgletO3VjV/P7VztA==",
      "dependencies": {
        "follow-redirects": "^1.14.4"
      }
    },
    "node_modules/follow-redirects": {
      "version": "1.14.6",
      "resolved": "https://registry.npmjs.org/follow-redirects/-/follow-redirects-1.14.6.tgz",
      "integrity": "sha512-fhUl5EwSJbbl8AR+uYL2KQDxLkdSjZGR36xy46AO7cOMTrCMON6Sa28FmAnC2tRTDbd/Uuzz3aJBv7EBN7JH8A==",
      "funding": [
        {
          "type": "individual",
          "url": "https://github.com/sponsors/RubenVerborgh"
        }
      ],
      "engines": {
        "node": ">=4.0"
      },
      "peerDependenciesMeta": {
        "debug": {
          "optional": true
        }
      }
    },
    "node_modules/jquery": {
      "version": "3.6.0",
      "resolved": "https://registry.npmjs.org/jquery/-/jquery-3.6.0.tgz",
      "integrity": "sha512-JVzAR/AjBvVt2BmYhxRCSYysDsPcssdmTFnzyLEts9qNwmjmu4JTAMYubEfwVOSwpQ1I1sKKFcxhZCI2buerfw=="
    },
    "node_modules/wikibase-sdk": {
      "version": "7.14.2",
      "resolved": "https://registry.npmjs.org/wikibase-sdk/-/wikibase-sdk-7.14.2.tgz",
      "integrity": "sha512-s+U23nKhP+ZA9yfxH/fe5mjZRvcb8/YtinMoKUkr/05MNNWbofUPRZAgQa1B3i0xvQ37zbkhaOP5K3HkC1apwQ==",
      "engines": {
        "node": ">= 6.4"
      }
    },
    "node_modules/wikidata-sdk": {
      "version": "7.14.2",
      "resolved": "https://registry.npmjs.org/wikidata-sdk/-/wikidata-sdk-7.14.2.tgz",
      "integrity": "sha512-+7cVBKAqaJAfnCTfJZ3rs55mn56TykNh7tm1V17jUtp6yMTt6PoS+GDW0sDaL60fIl+qOHnca4oknHMaTmcBVg==",
      "dependencies": {
        "wikibase-sdk": "^7.14.2"
      },
      "engines": {
        "node": ">= 6.4"
      }
    }
  },
  "dependencies": {
    "axios": {
      "version": "0.24.0",
      "resolved": "https://registry.npmjs.org/axios/-/axios-0.24.0.tgz",
      "integrity": "sha512-Q6cWsys88HoPgAaFAVUb0WpPk0O8iTeisR9IMqy9G8AbO4NlpVknrnQS03zzF9PGAWgO3cgletO3VjV/P7VztA==",
      "requires": {
        "follow-redirects": "^1.14.4"
      }
    },
    "follow-redirects": {
      "version": "1.14.6",
      "resolved": "https://registry.npmjs.org/follow-redirects/-/follow-redirects-1.14.6.tgz",
      "integrity": "sha512-fhUl5EwSJbbl8AR+uYL2KQDxLkdSjZGR36xy46AO7cOMTrCMON6Sa28FmAnC2tRTDbd/Uuzz3aJBv7EBN7JH8A=="
    },
    "jquery": {
      "version": "3.6.0",
      "resolved": "https://registry.npmjs.org/jquery/-/jquery-3.6.0.tgz",
      "integrity": "sha512-JVzAR/AjBvVt2BmYhxRCSYysDsPcssdmTFnzyLEts9qNwmjmu4JTAMYubEfwVOSwpQ1I1sKKFcxhZCI2buerfw=="
    },
    "wikibase-sdk": {
      "version": "7.14.2",
      "resolved": "https://registry.npmjs.org/wikibase-sdk/-/wikibase-sdk-7.14.2.tgz",
      "integrity": "sha512-s+U23nKhP+ZA9yfxH/fe5mjZRvcb8/YtinMoKUkr/05MNNWbofUPRZAgQa1B3i0xvQ37zbkhaOP5K3HkC1apwQ=="
    },
    "wikidata-sdk": {
      "version": "7.14.2",
      "resolved": "https://registry.npmjs.org/wikidata-sdk/-/wikidata-sdk-7.14.2.tgz",
      "integrity": "sha512-+7cVBKAqaJAfnCTfJZ3rs55mn56TykNh7tm1V17jUtp6yMTt6PoS+GDW0sDaL60fIl+qOHnca4oknHMaTmcBVg==",
      "requires": {
        "wikibase-sdk": "^7.14.2"
      }
    }
  }
}
